
Microsoft Visual Studio Solution File, Format Version 12.00
# Visual Studio 15
VisualStudioVersion = 15.0.26124.0
MinimumVisualStudioVersion = 15.0.26124.0
Project("{9A19103F-16F7-4668-BE54-9A1E7A4F7556}") = "apiserver", "apiserver.csproj", "{2F1C2043-9F9D-41C5-8768-1E6DE516C134}"
EndProject
Global
	GlobalSection(SolutionConfigurationPlatforms) = preSolution
		Debug|Any CPU = Debug|Any CPU
		Debug|x64 = Debug|x64
		Debug|x86 = Debug|x86
		Release|Any CPU = Release|Any CPU
		Release|x64 = Release|x64
		Release|x86 = Release|x86
	EndGlobalSection
	GlobalSection(ProjectConfigurationPlatforms) = postSolution
		{2F1C2043-9F9D-41C5-8768-1E6DE516C134}.Debug|Any CPU.ActiveCfg = Debug|Any CPU
		{2F1C2043-9F9D-41C5-8768-1E6DE516C134}.Debug|Any CPU.Build.0 = Debug|Any CPU
		{2F1C2043-9F9D-41C5-8768-1E6DE516C134}.Debug|x64.ActiveCfg = Debug|Any CPU
		{2F1C2043-9F9D-41C5-8768-1E6DE516C134}.Debug|x64.Build.0 = Debug|Any CPU
		{2F1C2043-9F9D-41C5-8768-1E6DE516C134}.Debug|x86.ActiveCfg = Debug|Any CPU
		{2F1C2043-9F9D-41C5-8768-1E6DE516C134}.Debug|x86.Build.0 = Debug|Any CPU
		{2F1C2043-9F9D-41C5-8768-1E6DE516C134}.Release|Any CPU.ActiveCfg = Release|Any CPU
		{2F1C2043-9F9D-41C5-8768-1E6DE516C134}.Release|Any CPU.Build.0 = Release|Any CPU
		{2F1C2043-9F9D-41C5-8768-1E6DE516C134}.Release|x64.ActiveCfg = Release|Any CPU
		{2F1C2043-9F9D-41C5-8768-1E6DE516C134}.Release|x64.Build.0 = Release|Any CPU
		{2F1C2043-9F9D-41C5-8768-1E6DE516C134}.Release|x86.ActiveCfg = Release|Any CPU
		{2F1C2043-9F9D-41C5-8768-1E6DE516C134}.Release|x86.Build.0 = Release|Any CPU
	EndGlobalSection
	GlobalSection(SolutionProperties) = preSolution
		HideSolutionNode = FALSE
	EndGlobalSection
	GlobalSection(ExtensibilityGlobals) = postSolution
		SolutionGuid = {52B8A42C-3DF9-45F9-8ACC-831763DBA0D1}
	EndGlobalSection
EndGlobal
